
Microsoft Visual Studio Solution File, Format Version 12.00
# Visual Studio Version 17
VisualStudioVersion = 17.2.32630.192
MinimumVisualStudioVersion = 10.0.40219.1
Project("{8BC9CEB8-8B4A-11D0-8D11-00A0C91BC942}") = "2-2", "Project2\Project2.vcxproj", "{19338234-97BB-4F0F-B284-B2AC16DBCA79}"
EndProject
Project("{8BC9CEB8-8B4A-11D0-8D11-00A0C91BC942}") = "2-5", "2-5\2-5.vcxproj", "{9552C589-0002-421A-A607-913D149D5EA0}"
EndProject
Project("{8BC9CEB8-8B4A-11D0-8D11-00A0C91BC942}") = "2-8", "2-8\2-8.vcxproj", "{118121B2-0556-4DF9-91EE-DF81D185E00D}"
EndProject
Project("{8BC9CEB8-8B4A-11D0-8D11-00A0C91BC942}") = "2-10", "2-10\2-10.vcxproj", "{E46D9800-A5E3-4A0A-8409-C3A86A495F0E}"
EndProject
Project("{8BC9CEB8-8B4A-11D0-8D11-00A0C91BC942}") = "2-14", "2-14\2-14.vcxproj", "{A8590B37-2561-4214-8DF7-6C9D44F927EC}"
EndProject
Project("{8BC9CEB8-8B4A-11D0-8D11-00A0C91BC942}") = "3-1", "3-1\3-1.vcxproj", "{2EE82668-690D-4E13-8A0A-0CB8709F2B03}"
EndProject
Project("{8BC9CEB8-8B4A-11D0-8D11-00A0C91BC942}") = "3-4", "3-4\3-4.vcxproj", "{EB7F5450-8A2C-4478-B516-DC0C027AA99B}"
EndProject
Project("{8BC9CEB8-8B4A-11D0-8D11-00A0C91BC942}") = "3-5", "3-5\3-5.vcxproj", "{8D23758F-0619-4B4E-919E-0D361002051C}"
EndProject
Project("{8BC9CEB8-8B4A-11D0-8D11-00A0C91BC942}") = "3-10", "3-10\3-10.vcxproj", "{A829563B-A6FE-4960-8F9A-58D99EC63382}"
EndProject
Project("{8BC9CEB8-8B4A-11D0-8D11-00A0C91BC942}") = "4-10", "4-10\4-10.vcxproj", "{823390E7-26D3-4E71-A00B-0E0BD8550591}"
EndProject
Project("{8BC9CEB8-8B4A-11D0-8D11-00A0C91BC942}") = "4-13", "4-13\4-13.vcxproj", "{B2B5FD27-A9A1-4862-9573-9BFE8772D515}"
EndProject
Project("{8BC9CEB8-8B4A-11D0-8D11-00A0C91BC942}") = "4-14", "4-14\4-14.vcxproj", "{17772353-F0BA-4135-A7F4-5C742BEAD508}"
EndProject
Project("{8BC9CEB8-8B4A-11D0-8D11-00A0C91BC942}") = "4장실습3", "4장실습3\4장실습3.vcxproj", "{B240AE8C-17FF-4E43-883B-1CD3B410F3B6}"
EndProject
Project("{8BC9CEB8-8B4A-11D0-8D11-00A0C91BC942}") = "4장실습4", "4장실습4\4장실습4.vcxproj", "{AEC41814-6CDE-457E-BF4E-019F7A7A1F58}"
EndProject
Project("{8BC9CEB8-8B4A-11D0-8D11-00A0C91BC942}") = "4장실습5", "4장실습7\4장실습7.vcxproj", "{94AF9ABF-A14F-4E7A-A2D2-BC652C5A3743}"
EndProject
Project("{8BC9CEB8-8B4A-11D0-8D11-00A0C91BC942}") = "4장실습7_", "4장실습7_\4장실습7_.vcxproj", "{FD1CCB7D-6809-4555-A29A-37356B8D53D3}"
EndProject
Project("{8BC9CEB8-8B4A-11D0-8D11-00A0C91BC942}") = "4장실습9", "4장실습9\4장실습9.vcxproj", "{87852A56-F45A-4816-A1E6-9042B8C1BD38}"
EndProject
Project("{8BC9CEB8-8B4A-11D0-8D11-00A0C91BC942}") = "직접코딩", "직접코딩\직접코딩.vcxproj", "{258B10AB-AF97-4DCD-BBDA-9720835912F2}"
EndProject
Global
	GlobalSection(SolutionConfigurationPlatforms) = preSolution
		Debug|x64 = Debug|x64
		Debug|x86 = Debug|x86
		Release|x64 = Release|x64
		Release|x86 = Release|x86
	EndGlobalSection
	GlobalSection(ProjectConfigurationPlatforms) = postSolution
		{19338234-97BB-4F0F-B284-B2AC16DBCA79}.Debug|x64.ActiveCfg = Debug|x64
		{19338234-97BB-4F0F-B284-B2AC16DBCA79}.Debug|x64.Build.0 = Debug|x64
		{19338234-97BB-4F0F-B284-B2AC16DBCA79}.Debug|x86.ActiveCfg = Debug|Win32
		{19338234-97BB-4F0F-B284-B2AC16DBCA79}.Debug|x86.Build.0 = Debug|Win32
		{19338234-97BB-4F0F-B284-B2AC16DBCA79}.Release|x64.ActiveCfg = Release|x64
		{19338234-97BB-4F0F-B284-B2AC16DBCA79}.Release|x64.Build.0 = Release|x64
		{19338234-97BB-4F0F-B284-B2AC16DBCA79}.Release|x86.ActiveCfg = Release|Win32
		{19338234-97BB-4F0F-B284-B2AC16DBCA79}.Release|x86.Build.0 = Release|Win32
		{9552C589-0002-421A-A607-913D149D5EA0}.Debug|x64.ActiveCfg = Debug|x64
		{9552C589-0002-421A-A607-913D149D5EA0}.Debug|x64.Build.0 = Debug|x64
		{9552C589-0002-421A-A607-913D149D5EA0}.Debug|x86.ActiveCfg = Debug|Win32
		{9552C589-0002-421A-A607-913D149D5EA0}.Debug|x86.Build.0 = Debug|Win32
		{9552C589-0002-421A-A607-913D149D5EA0}.Release|x64.ActiveCfg = Release|x64
		{9552C589-0002-421A-A607-913D149D5EA0}.Release|x64.Build.0 = Release|x64
		{9552C589-0002-421A-A607-913D149D5EA0}.Release|x86.ActiveCfg = Release|Win32
		{9552C589-0002-421A-A607-913D149D5EA0}.Release|x86.Build.0 = Release|Win32
		{118121B2-0556-4DF9-91EE-DF81D185E00D}.Debug|x64.ActiveCfg = Debug|x64
		{118121B2-0556-4DF9-91EE-DF81D185E00D}.Debug|x64.Build.0 = Debug|x64
		{118121B2-0556-4DF9-91EE-DF81D185E00D}.Debug|x86.ActiveCfg = Debug|Win32
		{118121B2-0556-4DF9-91EE-DF81D185E00D}.Debug|x86.Build.0 = Debug|Win32
		{118121B2-0556-4DF9-91EE-DF81D185E00D}.Release|x64.ActiveCfg = Release|x64
		{118121B2-0556-4DF9-91EE-DF81D185E00D}.Release|x64.Build.0 = Release|x64
		{118121B2-0556-4DF9-91EE-DF81D185E00D}.Release|x86.ActiveCfg = Release|Win32
		{118121B2-0556-4DF9-91EE-DF81D185E00D}.Release|x86.Build.0 = Release|Win32
		{E46D9800-A5E3-4A0A-8409-C3A86A495F0E}.Debug|x64.ActiveCfg = Debug|x64
		{E46D9800-A5E3-4A0A-8409-C3A86A495F0E}.Debug|x64.Build.0 = Debug|x64
		{E46D9800-A5E3-4A0A-8409-C3A86A495F0E}.Debug|x86.ActiveCfg = Debug|Win32
		{E46D9800-A5E3-4A0A-8409-C3A86A495F0E}.Debug|x86.Build.0 = Debug|Win32
		{E46D9800-A5E3-4A0A-8409-C3A86A495F0E}.Release|x64.ActiveCfg = Release|x64
		{E46D9800-A5E3-4A0A-8409-C3A86A495F0E}.Release|x64.Build.0 = Release|x64
		{E46D9800-A5E3-4A0A-8409-C3A86A495F0E}.Release|x86.ActiveCfg = Release|Win32
		{E46D9800-A5E3-4A0A-8409-C3A86A495F0E}.Release|x86.Build.0 = Release|Win32
		{A8590B37-2561-4214-8DF7-6C9D44F927EC}.Debug|x64.ActiveCfg = Debug|x64
		{A8590B37-2561-4214-8DF7-6C9D44F927EC}.Debug|x64.Build.0 = Debug|x64
		{A8590B37-2561-4214-8DF7-6C9D44F927EC}.Debug|x86.ActiveCfg = Debug|Win32
		{A8590B37-2561-4214-8DF7-6C9D44F927EC}.Debug|x86.Build.0 = Debug|Win32
		{A8590B37-2561-4214-8DF7-6C9D44F927EC}.Release|x64.ActiveCfg = Release|x64
		{A8590B37-2561-4214-8DF7-6C9D44F927EC}.Release|x64.Build.0 = Release|x64
		{A8590B37-2561-4214-8DF7-6C9D44F927EC}.Release|x86.ActiveCfg = Release|Win32
		{A8590B37-2561-4214-8DF7-6C9D44F927EC}.Release|x86.Build.0 = Release|Win32
		{2EE82668-690D-4E13-8A0A-0CB8709F2B03}.Debug|x64.ActiveCfg = Debug|x64
		{2EE82668-690D-4E13-8A0A-0CB8709F2B03}.Debug|x64.Build.0 = Debug|x64
		{2EE82668-690D-4E13-8A0A-0CB8709F2B03}.Debug|x86.ActiveCfg = Debug|Win32
		{2EE82668-690D-4E13-8A0A-0CB8709F2B03}.Debug|x86.Build.0 = Debug|Win32
		{2EE82668-690D-4E13-8A0A-0CB8709F2B03}.Release|x64.ActiveCfg = Release|x64
		{2EE82668-690D-4E13-8A0A-0CB8709F2B03}.Release|x64.Build.0 = Release|x64
		{2EE82668-690D-4E13-8A0A-0CB8709F2B03}.Release|x86.ActiveCfg = Release|Win32
		{2EE82668-690D-4E13-8A0A-0CB8709F2B03}.Release|x86.Build.0 = Release|Win32
		{EB7F5450-8A2C-4478-B516-DC0C027AA99B}.Debug|x64.ActiveCfg = Debug|x64
		{EB7F5450-8A2C-4478-B516-DC0C027AA99B}.Debug|x64.Build.0 = Debug|x64
		{EB7F5450-8A2C-4478-B516-DC0C027AA99B}.Debug|x86.ActiveCfg = Debug|Win32
		{EB7F5450-8A2C-4478-B516-DC0C027AA99B}.Debug|x86.Build.0 = Debug|Win32
		{EB7F5450-8A2C-4478-B516-DC0C027AA99B}.Release|x64.ActiveCfg = Release|x64
		{EB7F5450-8A2C-4478-B516-DC0C027AA99B}.Release|x64.Build.0 = Release|x64
		{EB7F5450-8A2C-4478-B516-DC0C027AA99B}.Release|x86.ActiveCfg = Release|Win32
		{EB7F5450-8A2C-4478-B516-DC0C027AA99B}.Release|x86.Build.0 = Release|Win32
		{8D23758F-0619-4B4E-919E-0D361002051C}.Debug|x64.ActiveCfg = Debug|x64
		{8D23758F-0619-4B4E-919E-0D361002051C}.Debug|x64.Build.0 = Debug|x64
		{8D23758F-0619-4B4E-919E-0D361002051C}.Debug|x86.ActiveCfg = Debug|Win32
		{8D23758F-0619-4B4E-919E-0D361002051C}.Debug|x86.Build.0 = Debug|Win32
		{8D23758F-0619-4B4E-919E-0D361002051C}.Release|x64.ActiveCfg = Release|x64
		{8D23758F-0619-4B4E-919E-0D361002051C}.Release|x64.Build.0 = Release|x64
		{8D23758F-0619-4B4E-919E-0D361002051C}.Release|x86.ActiveCfg = Release|Win32
		{8D23758F-0619-4B4E-919E-0D361002051C}.Release|x86.Build.0 = Release|Win32
		{A829563B-A6FE-4960-8F9A-58D99EC63382}.Debug|x64.ActiveCfg = Debug|x64
		{A829563B-A6FE-4960-8F9A-58D99EC63382}.Debug|x64.Build.0 = Debug|x64
		{A829563B-A6FE-4960-8F9A-58D99EC63382}.Debug|x86.ActiveCfg = Debug|Win32
		{A829563B-A6FE-4960-8F9A-58D99EC63382}.Debug|x86.Build.0 = Debug|Win32
		{A829563B-A6FE-4960-8F9A-58D99EC63382}.Release|x64.ActiveCfg = Release|x64
		{A829563B-A6FE-4960-8F9A-58D99EC63382}.Release|x64.Build.0 = Release|x64
		{A829563B-A6FE-4960-8F9A-58D99EC63382}.Release|x86.ActiveCfg = Release|Win32
		{A829563B-A6FE-4960-8F9A-58D99EC63382}.Release|x86.Build.0 = Release|Win32
		{823390E7-26D3-4E71-A00B-0E0BD8550591}.Debug|x64.ActiveCfg = Debug|x64
		{823390E7-26D3-4E71-A00B-0E0BD8550591}.Debug|x64.Build.0 = Debug|x64
		{823390E7-26D3-4E71-A00B-0E0BD8550591}.Debug|x86.ActiveCfg = Debug|Win32
		{823390E7-26D3-4E71-A00B-0E0BD8550591}.Debug|x86.Build.0 = Debug|Win32
		{823390E7-26D3-4E71-A00B-0E0BD8550591}.Release|x64.ActiveCfg = Release|x64
		{823390E7-26D3-4E71-A00B-0E0BD8550591}.Release|x64.Build.0 = Release|x64
		{823390E7-26D3-4E71-A00B-0E0BD8550591}.Release|x86.ActiveCfg = Release|Win32
		{823390E7-26D3-4E71-A00B-0E0BD8550591}.Release|x86.Build.0 = Release|Win32
		{B2B5FD27-A9A1-4862-9573-9BFE8772D515}.Debug|x64.ActiveCfg = Debug|x64
		{B2B5FD27-A9A1-4862-9573-9BFE8772D515}.Debug|x64.Build.0 = Debug|x64
		{B2B5FD27-A9A1-4862-9573-9BFE8772D515}.Debug|x86.ActiveCfg = Debug|Win32
		{B2B5FD27-A9A1-4862-9573-9BFE8772D515}.Debug|x86.Build.0 = Debug|Win32
		{B2B5FD27-A9A1-4862-9573-9BFE8772D515}.Release|x64.ActiveCfg = Release|x64
		{B2B5FD27-A9A1-4862-9573-9BFE8772D515}.Release|x64.Build.0 = Release|x64
		{B2B5FD27-A9A1-4862-9573-9BFE8772D515}.Release|x86.ActiveCfg = Release|Win32
		{B2B5FD27-A9A1-4862-9573-9BFE8772D515}.Release|x86.Build.0 = Release|Win32
		{17772353-F0BA-4135-A7F4-5C742BEAD508}.Debug|x64.ActiveCfg = Debug|x64
		{17772353-F0BA-4135-A7F4-5C742BEAD508}.Debug|x64.Build.0 = Debug|x64
		{17772353-F0BA-4135-A7F4-5C742BEAD508}.Debug|x86.ActiveCfg = Debug|Win32
		{17772353-F0BA-4135-A7F4-5C742BEAD508}.Debug|x86.Build.0 = Debug|Win32
		{17772353-F0BA-4135-A7F4-5C742BEAD508}.Release|x64.ActiveCfg = Release|x64
		{17772353-F0BA-4135-A7F4-5C742BEAD508}.Release|x64.Build.0 = Release|x64
		{17772353-F0BA-4135-A7F4-5C742BEAD508}.Release|x86.ActiveCfg = Release|Win32
		{17772353-F0BA-4135-A7F4-5C742BEAD508}.Release|x86.Build.0 = Release|Win32
		{B240AE8C-17FF-4E43-883B-1CD3B410F3B6}.Debug|x64.ActiveCfg = Debug|x64
		{B240AE8C-17FF-4E43-883B-1CD3B410F3B6}.Debug|x64.Build.0 = Debug|x64
		{B240AE8C-17FF-4E43-883B-1CD3B410F3B6}.Debug|x86.ActiveCfg = Debug|Win32
		{B240AE8C-17FF-4E43-883B-1CD3B410F3B6}.Debug|x86.Build.0 = Debug|Win32
		{B240AE8C-17FF-4E43-883B-1CD3B410F3B6}.Release|x64.ActiveCfg = Release|x64
		{B240AE8C-17FF-4E43-883B-1CD3B410F3B6}.Release|x64.Build.0 = Release|x64
		{B240AE8C-17FF-4E43-883B-1CD3B410F3B6}.Release|x86.ActiveCfg = Release|Win32
		{B240AE8C-17FF-4E43-883B-1CD3B410F3B6}.Release|x86.Build.0 = Release|Win32
		{AEC41814-6CDE-457E-BF4E-019F7A7A1F58}.Debug|x64.ActiveCfg = Debug|x64
		{AEC41814-6CDE-457E-BF4E-019F7A7A1F58}.Debug|x64.Build.0 = Debug|x64
		{AEC41814-6CDE-457E-BF4E-019F7A7A1F58}.Debug|x86.ActiveCfg = Debug|Win32
		{AEC41814-6CDE-457E-BF4E-019F7A7A1F58}.Debug|x86.Build.0 = Debug|Win32
		{AEC41814-6CDE-457E-BF4E-019F7A7A1F58}.Release|x64.ActiveCfg = Release|x64
		{AEC41814-6CDE-457E-BF4E-019F7A7A1F58}.Release|x64.Build.0 = Release|x64
		{AEC41814-6CDE-457E-BF4E-019F7A7A1F58}.Release|x86.ActiveCfg = Release|Win32
		{AEC41814-6CDE-457E-BF4E-019F7A7A1F58}.Release|x86.Build.0 = Release|Win32
		{94AF9ABF-A14F-4E7A-A2D2-BC652C5A3743}.Debug|x64.ActiveCfg = Debug|x64
		{94AF9ABF-A14F-4E7A-A2D2-BC652C5A3743}.Debug|x64.Build.0 = Debug|x64
		{94AF9ABF-A14F-4E7A-A2D2-BC652C5A3743}.Debug|x86.ActiveCfg = Debug|Win32
		{94AF9ABF-A14F-4E7A-A2D2-BC652C5A3743}.Debug|x86.Build.0 = Debug|Win32
		{94AF9ABF-A14F-4E7A-A2D2-BC652C5A3743}.Release|x64.ActiveCfg = Release|x64
		{94AF9ABF-A14F-4E7A-A2D2-BC652C5A3743}.Release|x64.Build.0 = Release|x64
		{94AF9ABF-A14F-4E7A-A2D2-BC652C5A3743}.Release|x86.ActiveCfg = Release|Win32
		{94AF9ABF-A14F-4E7A-A2D2-BC652C5A3743}.Release|x86.Build.0 = Release|Win32
		{FD1CCB7D-6809-4555-A29A-37356B8D53D3}.Debug|x64.ActiveCfg = Debug|x64
		{FD1CCB7D-6809-4555-A29A-37356B8D53D3}.Debug|x64.Build.0 = Debug|x64
		{FD1CCB7D-6809-4555-A29A-37356B8D53D3}.Debug|x86.ActiveCfg = Debug|Win32
		{FD1CCB7D-6809-4555-A29A-37356B8D53D3}.Debug|x86.Build.0 = Debug|Win32
		{FD1CCB7D-6809-4555-A29A-37356B8D53D3}.Release|x64.ActiveCfg = Release|x64
		{FD1CCB7D-6809-4555-A29A-37356B8D53D3}.Release|x64.Build.0 = Release|x64
		{FD1CCB7D-6809-4555-A29A-37356B8D53D3}.Release|x86.ActiveCfg = Release|Win32
		{FD1CCB7D-6809-4555-A29A-37356B8D53D3}.Release|x86.Build.0 = Release|Win32
		{87852A56-F45A-4816-A1E6-9042B8C1BD38}.Debug|x64.ActiveCfg = Debug|x64
		{87852A56-F45A-4816-A1E6-9042B8C1BD38}.Debug|x64.Build.0 = Debug|x64
		{87852A56-F45A-4816-A1E6-9042B8C1BD38}.Debug|x86.ActiveCfg = Debug|Win32
		{87852A56-F45A-4816-A1E6-9042B8C1BD38}.Debug|x86.Build.0 = Debug|Win32
		{87852A56-F45A-4816-A1E6-9042B8C1BD38}.Release|x64.ActiveCfg = Release|x64
		{87852A56-F45A-4816-A1E6-9042B8C1BD38}.Release|x64.Build.0 = Release|x64
		{87852A56-F45A-4816-A1E6-9042B8C1BD38}.Release|x86.ActiveCfg = Release|Win32
		{87852A56-F45A-4816-A1E6-9042B8C1BD38}.Release|x86.Build.0 = Release|Win32
		{258B10AB-AF97-4DCD-BBDA-9720835912F2}.Debug|x64.ActiveCfg = Debug|x64
		{258B10AB-AF97-4DCD-BBDA-9720835912F2}.Debug|x64.Build.0 = Debug|x64
		{258B10AB-AF97-4DCD-BBDA-9720835912F2}.Debug|x86.ActiveCfg = Debug|Win32
		{258B10AB-AF97-4DCD-BBDA-9720835912F2}.Debug|x86.Build.0 = Debug|Win32
		{258B10AB-AF97-4DCD-BBDA-9720835912F2}.Release|x64.ActiveCfg = Release|x64
		{258B10AB-AF97-4DCD-BBDA-9720835912F2}.Release|x64.Build.0 = Release|x64
		{258B10AB-AF97-4DCD-BBDA-9720835912F2}.Release|x86.ActiveCfg = Release|Win32
		{258B10AB-AF97-4DCD-BBDA-9720835912F2}.Release|x86.Build.0 = Release|Win32
	EndGlobalSection
	GlobalSection(SolutionProperties) = preSolution
		HideSolutionNode = FALSE
	EndGlobalSection
	GlobalSection(ExtensibilityGlobals) = postSolution
		SolutionGuid = {50470A18-AC85-4171-9D8F-30E236EA458F}
	EndGlobalSection
EndGlobal
