
Microsoft Visual Studio Solution File, Format Version 12.00
# Visual Studio Version 17
VisualStudioVersion = 17.2.32630.192
MinimumVisualStudioVersion = 10.0.40219.1
Project("{8BC9CEB8-8B4A-11D0-8D11-00A0C91BC942}") = "6-1", "6-1\6-1.vcxproj", "{1E391C94-B02E-41EB-9FC2-AF160FB2209D}"
EndProject
Project("{8BC9CEB8-8B4A-11D0-8D11-00A0C91BC942}") = "6-2", "..\6-2\6-2.vcxproj", "{A8767316-66E8-49D9-9169-A9648231C0A4}"
EndProject
Project("{8BC9CEB8-8B4A-11D0-8D11-00A0C91BC942}") = "6-3", "..\6-3\6-3.vcxproj", "{C7336528-DE7C-48AC-9F2C-EC3D9516E9CA}"
EndProject
Global
	GlobalSection(SolutionConfigurationPlatforms) = preSolution
		Debug|x64 = Debug|x64
		Debug|x86 = Debug|x86
		Release|x64 = Release|x64
		Release|x86 = Release|x86
	EndGlobalSection
	GlobalSection(ProjectConfigurationPlatforms) = postSolution
		{1E391C94-B02E-41EB-9FC2-AF160FB2209D}.Debug|x64.ActiveCfg = Debug|x64
		{1E391C94-B02E-41EB-9FC2-AF160FB2209D}.Debug|x64.Build.0 = Debug|x64
		{1E391C94-B02E-41EB-9FC2-AF160FB2209D}.Debug|x86.ActiveCfg = Debug|Win32
		{1E391C94-B02E-41EB-9FC2-AF160FB2209D}.Debug|x86.Build.0 = Debug|Win32
		{1E391C94-B02E-41EB-9FC2-AF160FB2209D}.Release|x64.ActiveCfg = Release|x64
		{1E391C94-B02E-41EB-9FC2-AF160FB2209D}.Release|x64.Build.0 = Release|x64
		{1E391C94-B02E-41EB-9FC2-AF160FB2209D}.Release|x86.ActiveCfg = Release|Win32
		{1E391C94-B02E-41EB-9FC2-AF160FB2209D}.Release|x86.Build.0 = Release|Win32
		{A8767316-66E8-49D9-9169-A9648231C0A4}.Debug|x64.ActiveCfg = Debug|x64
		{A8767316-66E8-49D9-9169-A9648231C0A4}.Debug|x64.Build.0 = Debug|x64
		{A8767316-66E8-49D9-9169-A9648231C0A4}.Debug|x86.ActiveCfg = Debug|Win32
		{A8767316-66E8-49D9-9169-A9648231C0A4}.Debug|x86.Build.0 = Debug|Win32
		{A8767316-66E8-49D9-9169-A9648231C0A4}.Release|x64.ActiveCfg = Release|x64
		{A8767316-66E8-49D9-9169-A9648231C0A4}.Release|x64.Build.0 = Release|x64
		{A8767316-66E8-49D9-9169-A9648231C0A4}.Release|x86.ActiveCfg = Release|Win32
		{A8767316-66E8-49D9-9169-A9648231C0A4}.Release|x86.Build.0 = Release|Win32
		{C7336528-DE7C-48AC-9F2C-EC3D9516E9CA}.Debug|x64.ActiveCfg = Debug|x64
		{C7336528-DE7C-48AC-9F2C-EC3D9516E9CA}.Debug|x64.Build.0 = Debug|x64
		{C7336528-DE7C-48AC-9F2C-EC3D9516E9CA}.Debug|x86.ActiveCfg = Debug|Win32
		{C7336528-DE7C-48AC-9F2C-EC3D9516E9CA}.Debug|x86.Build.0 = Debug|Win32
		{C7336528-DE7C-48AC-9F2C-EC3D9516E9CA}.Release|x64.ActiveCfg = Release|x64
		{C7336528-DE7C-48AC-9F2C-EC3D9516E9CA}.Release|x64.Build.0 = Release|x64
		{C7336528-DE7C-48AC-9F2C-EC3D9516E9CA}.Release|x86.ActiveCfg = Release|Win32
		{C7336528-DE7C-48AC-9F2C-EC3D9516E9CA}.Release|x86.Build.0 = Release|Win32
	EndGlobalSection
	GlobalSection(SolutionProperties) = preSolution
		HideSolutionNode = FALSE
	EndGlobalSection
	GlobalSection(ExtensibilityGlobals) = postSolution
		SolutionGuid = {32057032-FB15-46FA-BD16-96D598A58A57}
	EndGlobalSection
EndGlobal
